
Microsoft Visual Studio Solution File, Format Version 12.00
# Visual Studio Version 18
VisualStudioVersion = 18.0.11201.2
MinimumVisualStudioVersion = 10.0.40219.1
Project("{2150E333-8FDC-42A3-9474-1A3956D46DE8}") = "Comun", "Comun", "{A0A45EC1-42E0-4C4D-BDAB-459B5013D5A5}"
EndProject
Project("{2150E333-8FDC-42A3-9474-1A3956D46DE8}") = "Seguridad", "Seguridad", "{A4244F4D-19C0-4E19-B61E-B69B0A531392}"
EndProject
Project("{2150E333-8FDC-42A3-9474-1A3956D46DE8}") = "Login", "Login", "{85C3F5C3-A231-4FD3-85A9-B444940D541B}"
EndProject
Project("{9A19103F-16F7-4668-BE54-9A1E7A4F7556}") = "Mozo.LoginBusiness", "Login\Mozo.LoginBusiness\Mozo.LoginBusiness.csproj", "{86D17385-153A-4E38-85FE-843BBCC34A20}"
EndProject
Project("{9A19103F-16F7-4668-BE54-9A1E7A4F7556}") = "Mozo.LoginData", "Login\Mozo.LoginData\Mozo.LoginData.csproj", "{6C339E33-64E0-4450-9520-D11866D53F7A}"
EndProject
Project("{9A19103F-16F7-4668-BE54-9A1E7A4F7556}") = "Mozo.SeguridadBusiness", "Seguridad\Mozo.SeguridadBusiness\Mozo.SeguridadBusiness.csproj", "{B5D570D3-04CD-48F2-A670-F682FE4AE744}"
EndProject
Project("{FAE04EC0-301F-11D3-BF4B-00C04F79EFBC}") = "Mozo.ApiSeguridad", "Mozo.ApiSeguridad\Mozo.ApiSeguridad.csproj", "{240B8570-33F8-482A-A4F5-411348A9040B}"
EndProject
Project("{FAE04EC0-301F-11D3-BF4B-00C04F79EFBC}") = "Mozo.Helper", "Comun\Mozo.Helper\Mozo.Helper.csproj", "{D034155D-A604-47F3-8512-CD17E54F6A89}"
EndProject
Project("{FAE04EC0-301F-11D3-BF4B-00C04F79EFBC}") = "Mozo.Model", "Comun\Mozo.Model\Mozo.Model.csproj", "{28FCB494-B3D7-454A-8C78-4873D4242D2C}"
EndProject
Project("{FAE04EC0-301F-11D3-BF4B-00C04F79EFBC}") = "Mozo.HelperWeb", "Comun\Mozo.HelperWeb\Mozo.HelperWeb.csproj", "{4EE06ECE-5608-4CB5-BC9D-11314AF2AF04}"
EndProject
Project("{2150E333-8FDC-42A3-9474-1A3956D46DE8}") = "Maestro", "Maestro", "{38CB7412-CF7E-431F-AD5D-8D85AC3B919A}"
EndProject
Project("{FAE04EC0-301F-11D3-BF4B-00C04F79EFBC}") = "Mozo.MaestroBusiness", "Maestro\Mozo.MaestroBusiness\Mozo.MaestroBusiness.csproj", "{436B0857-AB3B-4988-9DA6-E4CFB7DC7E94}"
EndProject
Project("{FAE04EC0-301F-11D3-BF4B-00C04F79EFBC}") = "Mozo.MaestroData", "Maestro\Mozo.MaestroData\Mozo.MaestroData.csproj", "{4985570C-2B0E-4B92-ABDC-A37B3651D0B7}"
EndProject
Project("{FAE04EC0-301F-11D3-BF4B-00C04F79EFBC}") = "Mozo.SeguridadComposition", "Seguridad\Mozo.SeguridadComposition\Mozo.SeguridadComposition.csproj", "{8168A1D6-28E2-4E5D-BD46-94698F9DA396}"
EndProject
Project("{FAE04EC0-301F-11D3-BF4B-00C04F79EFBC}") = "Mozo.MaestroComposition", "Maestro\Mozo.MaestroComposition\Mozo.MaestroComposition.csproj", "{1D1A788B-B5F1-F357-D003-B8A45B436B96}"
EndProject
Project("{FAE04EC0-301F-11D3-BF4B-00C04F79EFBC}") = "Mozo.LoginComposition", "Login\Mozo.LoginComposition\Mozo.LoginComposition.csproj", "{B3EC98D8-7E00-4C3F-A559-8526A70844AE}"
EndProject
Project("{2150E333-8FDC-42A3-9474-1A3956D46DE8}") = "Catalogo", "Catalogo", "{02EA681E-C7D8-13C7-8484-4AC65E1B71E8}"
EndProject
Project("{2150E333-8FDC-42A3-9474-1A3956D46DE8}") = "Empresa", "Empresa", "{EEACDA9B-9B28-42D7-B784-3B1A63EF8C5E}"
EndProject
Project("{FAE04EC0-301F-11D3-BF4B-00C04F79EFBC}") = "Mozo.CatalogoData", "Catalogo\Mozo.CatalogoData\Mozo.CatalogoData.csproj", "{56187FCD-2ED6-437F-93C8-3B33F9CF634C}"
EndProject
Project("{FAE04EC0-301F-11D3-BF4B-00C04F79EFBC}") = "Mozo.CatalogoBusiness", "Catalogo\Mozo.CatalogoBusiness\Mozo.CatalogoBusiness.csproj", "{FE0278B4-04D1-43BA-BCE0-101056E44F2D}"
EndProject
Project("{FAE04EC0-301F-11D3-BF4B-00C04F79EFBC}") = "Mozo.CatalogoComposition", "Catalogo\Mozo.CatalogoComposition\Mozo.CatalogoComposition.csproj", "{E924BDD8-ACCD-45B7-A38B-CE2222ABCC98}"
EndProject
Project("{FAE04EC0-301F-11D3-BF4B-00C04F79EFBC}") = "Mozo.SeguridadData", "Seguridad\Mozo.SeguridadData\Mozo.SeguridadData.csproj", "{B8ECD63E-7C12-FF26-B030-E564B1A085A7}"
EndProject
Global
	GlobalSection(SolutionConfigurationPlatforms) = preSolution
		Debug|Any CPU = Debug|Any CPU
		Release|Any CPU = Release|Any CPU
	EndGlobalSection
	GlobalSection(ProjectConfigurationPlatforms) = postSolution
		{86D17385-153A-4E38-85FE-843BBCC34A20}.Debug|Any CPU.ActiveCfg = Debug|Any CPU
		{86D17385-153A-4E38-85FE-843BBCC34A20}.Debug|Any CPU.Build.0 = Debug|Any CPU
		{86D17385-153A-4E38-85FE-843BBCC34A20}.Release|Any CPU.ActiveCfg = Release|Any CPU
		{86D17385-153A-4E38-85FE-843BBCC34A20}.Release|Any CPU.Build.0 = Release|Any CPU
		{6C339E33-64E0-4450-9520-D11866D53F7A}.Debug|Any CPU.ActiveCfg = Debug|Any CPU
		{6C339E33-64E0-4450-9520-D11866D53F7A}.Debug|Any CPU.Build.0 = Debug|Any CPU
		{6C339E33-64E0-4450-9520-D11866D53F7A}.Release|Any CPU.ActiveCfg = Release|Any CPU
		{6C339E33-64E0-4450-9520-D11866D53F7A}.Release|Any CPU.Build.0 = Release|Any CPU
		{B5D570D3-04CD-48F2-A670-F682FE4AE744}.Debug|Any CPU.ActiveCfg = Debug|Any CPU
		{B5D570D3-04CD-48F2-A670-F682FE4AE744}.Debug|Any CPU.Build.0 = Debug|Any CPU
		{B5D570D3-04CD-48F2-A670-F682FE4AE744}.Release|Any CPU.ActiveCfg = Release|Any CPU
		{B5D570D3-04CD-48F2-A670-F682FE4AE744}.Release|Any CPU.Build.0 = Release|Any CPU
		{240B8570-33F8-482A-A4F5-411348A9040B}.Debug|Any CPU.ActiveCfg = Debug|Any CPU
		{240B8570-33F8-482A-A4F5-411348A9040B}.Debug|Any CPU.Build.0 = Debug|Any CPU
		{240B8570-33F8-482A-A4F5-411348A9040B}.Release|Any CPU.ActiveCfg = Release|Any CPU
		{240B8570-33F8-482A-A4F5-411348A9040B}.Release|Any CPU.Build.0 = Release|Any CPU
		{D034155D-A604-47F3-8512-CD17E54F6A89}.Debug|Any CPU.ActiveCfg = Debug|Any CPU
		{D034155D-A604-47F3-8512-CD17E54F6A89}.Debug|Any CPU.Build.0 = Debug|Any CPU
		{D034155D-A604-47F3-8512-CD17E54F6A89}.Release|Any CPU.ActiveCfg = Release|Any CPU
		{D034155D-A604-47F3-8512-CD17E54F6A89}.Release|Any CPU.Build.0 = Release|Any CPU
		{28FCB494-B3D7-454A-8C78-4873D4242D2C}.Debug|Any CPU.ActiveCfg = Debug|Any CPU
		{28FCB494-B3D7-454A-8C78-4873D4242D2C}.Debug|Any CPU.Build.0 = Debug|Any CPU
		{28FCB494-B3D7-454A-8C78-4873D4242D2C}.Release|Any CPU.ActiveCfg = Release|Any CPU
		{28FCB494-B3D7-454A-8C78-4873D4242D2C}.Release|Any CPU.Build.0 = Release|Any CPU
		{4EE06ECE-5608-4CB5-BC9D-11314AF2AF04}.Debug|Any CPU.ActiveCfg = Debug|Any CPU
		{4EE06ECE-5608-4CB5-BC9D-11314AF2AF04}.Debug|Any CPU.Build.0 = Debug|Any CPU
		{4EE06ECE-5608-4CB5-BC9D-11314AF2AF04}.Release|Any CPU.ActiveCfg = Release|Any CPU
		{4EE06ECE-5608-4CB5-BC9D-11314AF2AF04}.Release|Any CPU.Build.0 = Release|Any CPU
		{436B0857-AB3B-4988-9DA6-E4CFB7DC7E94}.Debug|Any CPU.ActiveCfg = Debug|Any CPU
		{436B0857-AB3B-4988-9DA6-E4CFB7DC7E94}.Debug|Any CPU.Build.0 = Debug|Any CPU
		{436B0857-AB3B-4988-9DA6-E4CFB7DC7E94}.Release|Any CPU.ActiveCfg = Release|Any CPU
		{436B0857-AB3B-4988-9DA6-E4CFB7DC7E94}.Release|Any CPU.Build.0 = Release|Any CPU
		{4985570C-2B0E-4B92-ABDC-A37B3651D0B7}.Debug|Any CPU.ActiveCfg = Debug|Any CPU
		{4985570C-2B0E-4B92-ABDC-A37B3651D0B7}.Debug|Any CPU.Build.0 = Debug|Any CPU
		{4985570C-2B0E-4B92-ABDC-A37B3651D0B7}.Release|Any CPU.ActiveCfg = Release|Any CPU
		{4985570C-2B0E-4B92-ABDC-A37B3651D0B7}.Release|Any CPU.Build.0 = Release|Any CPU
		{8168A1D6-28E2-4E5D-BD46-94698F9DA396}.Debug|Any CPU.ActiveCfg = Debug|Any CPU
		{8168A1D6-28E2-4E5D-BD46-94698F9DA396}.Debug|Any CPU.Build.0 = Debug|Any CPU
		{8168A1D6-28E2-4E5D-BD46-94698F9DA396}.Release|Any CPU.ActiveCfg = Release|Any CPU
		{8168A1D6-28E2-4E5D-BD46-94698F9DA396}.Release|Any CPU.Build.0 = Release|Any CPU
		{1D1A788B-B5F1-F357-D003-B8A45B436B96}.Debug|Any CPU.ActiveCfg = Debug|Any CPU
		{1D1A788B-B5F1-F357-D003-B8A45B436B96}.Debug|Any CPU.Build.0 = Debug|Any CPU
		{1D1A788B-B5F1-F357-D003-B8A45B436B96}.Release|Any CPU.ActiveCfg = Release|Any CPU
		{1D1A788B-B5F1-F357-D003-B8A45B436B96}.Release|Any CPU.Build.0 = Release|Any CPU
		{B3EC98D8-7E00-4C3F-A559-8526A70844AE}.Debug|Any CPU.ActiveCfg = Debug|Any CPU
		{B3EC98D8-7E00-4C3F-A559-8526A70844AE}.Debug|Any CPU.Build.0 = Debug|Any CPU
		{B3EC98D8-7E00-4C3F-A559-8526A70844AE}.Release|Any CPU.ActiveCfg = Release|Any CPU
		{B3EC98D8-7E00-4C3F-A559-8526A70844AE}.Release|Any CPU.Build.0 = Release|Any CPU
		{56187FCD-2ED6-437F-93C8-3B33F9CF634C}.Debug|Any CPU.ActiveCfg = Debug|Any CPU
		{56187FCD-2ED6-437F-93C8-3B33F9CF634C}.Debug|Any CPU.Build.0 = Debug|Any CPU
		{56187FCD-2ED6-437F-93C8-3B33F9CF634C}.Release|Any CPU.ActiveCfg = Release|Any CPU
		{56187FCD-2ED6-437F-93C8-3B33F9CF634C}.Release|Any CPU.Build.0 = Release|Any CPU
		{FE0278B4-04D1-43BA-BCE0-101056E44F2D}.Debug|Any CPU.ActiveCfg = Debug|Any CPU
		{FE0278B4-04D1-43BA-BCE0-101056E44F2D}.Debug|Any CPU.Build.0 = Debug|Any CPU
		{FE0278B4-04D1-43BA-BCE0-101056E44F2D}.Release|Any CPU.ActiveCfg = Release|Any CPU
		{FE0278B4-04D1-43BA-BCE0-101056E44F2D}.Release|Any CPU.Build.0 = Release|Any CPU
		{E924BDD8-ACCD-45B7-A38B-CE2222ABCC98}.Debug|Any CPU.ActiveCfg = Debug|Any CPU
		{E924BDD8-ACCD-45B7-A38B-CE2222ABCC98}.Debug|Any CPU.Build.0 = Debug|Any CPU
		{E924BDD8-ACCD-45B7-A38B-CE2222ABCC98}.Release|Any CPU.ActiveCfg = Release|Any CPU
		{E924BDD8-ACCD-45B7-A38B-CE2222ABCC98}.Release|Any CPU.Build.0 = Release|Any CPU
		{B8ECD63E-7C12-FF26-B030-E564B1A085A7}.Debug|Any CPU.ActiveCfg = Debug|Any CPU
		{B8ECD63E-7C12-FF26-B030-E564B1A085A7}.Debug|Any CPU.Build.0 = Debug|Any CPU
		{B8ECD63E-7C12-FF26-B030-E564B1A085A7}.Release|Any CPU.ActiveCfg = Release|Any CPU
		{B8ECD63E-7C12-FF26-B030-E564B1A085A7}.Release|Any CPU.Build.0 = Release|Any CPU
	EndGlobalSection
	GlobalSection(SolutionProperties) = preSolution
		HideSolutionNode = FALSE
	EndGlobalSection
	GlobalSection(NestedProjects) = preSolution
		{86D17385-153A-4E38-85FE-843BBCC34A20} = {85C3F5C3-A231-4FD3-85A9-B444940D541B}
		{6C339E33-64E0-4450-9520-D11866D53F7A} = {85C3F5C3-A231-4FD3-85A9-B444940D541B}
		{B5D570D3-04CD-48F2-A670-F682FE4AE744} = {A4244F4D-19C0-4E19-B61E-B69B0A531392}
		{D034155D-A604-47F3-8512-CD17E54F6A89} = {A0A45EC1-42E0-4C4D-BDAB-459B5013D5A5}
		{28FCB494-B3D7-454A-8C78-4873D4242D2C} = {A0A45EC1-42E0-4C4D-BDAB-459B5013D5A5}
		{4EE06ECE-5608-4CB5-BC9D-11314AF2AF04} = {A0A45EC1-42E0-4C4D-BDAB-459B5013D5A5}
		{436B0857-AB3B-4988-9DA6-E4CFB7DC7E94} = {38CB7412-CF7E-431F-AD5D-8D85AC3B919A}
		{4985570C-2B0E-4B92-ABDC-A37B3651D0B7} = {38CB7412-CF7E-431F-AD5D-8D85AC3B919A}
		{8168A1D6-28E2-4E5D-BD46-94698F9DA396} = {A4244F4D-19C0-4E19-B61E-B69B0A531392}
		{1D1A788B-B5F1-F357-D003-B8A45B436B96} = {38CB7412-CF7E-431F-AD5D-8D85AC3B919A}
		{B3EC98D8-7E00-4C3F-A559-8526A70844AE} = {85C3F5C3-A231-4FD3-85A9-B444940D541B}
		{56187FCD-2ED6-437F-93C8-3B33F9CF634C} = {02EA681E-C7D8-13C7-8484-4AC65E1B71E8}
		{FE0278B4-04D1-43BA-BCE0-101056E44F2D} = {02EA681E-C7D8-13C7-8484-4AC65E1B71E8}
		{E924BDD8-ACCD-45B7-A38B-CE2222ABCC98} = {02EA681E-C7D8-13C7-8484-4AC65E1B71E8}
		{B8ECD63E-7C12-FF26-B030-E564B1A085A7} = {A4244F4D-19C0-4E19-B61E-B69B0A531392}
	EndGlobalSection
	GlobalSection(ExtensibilityGlobals) = postSolution
		SolutionGuid = {2552BBCE-D213-4C75-9541-ABB738BFAF72}
	EndGlobalSection
EndGlobal
